
Microsoft Visual Studio Solution File, Format Version 12.00
# Visual Studio Version 17
VisualStudioVersion = 17.9.34728.123
MinimumVisualStudioVersion = 10.0.40219.1
Project("{FAE04EC0-301F-11D3-BF4B-00C04F79EFBC}") = "MasterKinder", "MasterKinder\MasterKinder.csproj", "{8F4535D5-DACC-44B3-97E8-518612016EAB}"
EndProject
Global
	GlobalSection(SolutionConfigurationPlatforms) = preSolution
		Debug|Any CPU = Debug|Any CPU
		Release|Any CPU = Release|Any CPU
	EndGlobalSection
	GlobalSection(ProjectConfigurationPlatforms) = postSolution
		{8F4535D5-DACC-44B3-97E8-518612016EAB}.Debug|Any CPU.ActiveCfg = Debug|Any CPU
		{8F4535D5-DACC-44B3-97E8-518612016EAB}.Debug|Any CPU.Build.0 = Debug|Any CPU
		{8F4535D5-DACC-44B3-97E8-518612016EAB}.Release|Any CPU.ActiveCfg = Release|Any CPU
		{8F4535D5-DACC-44B3-97E8-518612016EAB}.Release|Any CPU.Build.0 = Release|Any CPU
	EndGlobalSection
	GlobalSection(SolutionProperties) = preSolution
		HideSolutionNode = FALSE
	EndGlobalSection
	GlobalSection(ExtensibilityGlobals) = postSolution
		SolutionGuid = {5370F50E-34FA-4FEF-8139-70985A536A48}
	EndGlobalSection
EndGlobal
